github.com/bettersun/moist v0.0.5/go.mod h1:/0HKPU3oLF2KqU5fDVVpE3tLO7ao4PzQvDA4vDjqyCo=
github.com/bettersun/moist/proxy v0.0.0-20201125114036-412ec1df0c01 h1:tiBAqRNWNLbM1Pam3DLL4x0oYxS/C1Hy3xJE/s6Rlms=
github.com/bettersun/moist/proxy v0.0.0-20201125114036-412ec1df0c01/go.mod h1:rw0uuJk7X8okQjlnHwcYAO5IimsgfEL5kamEkirjAWA=
gopkg.in/check.v1 v0.0.0-20161208181325-20d25e280405 h1:yhCVgyC4o1eVCa2tZl7eS0r+SDo693bJlVdllGtEeKM=
gopkg.in/check.v1 v0.0.0-20161208181325-20d25e280405/go.mod h1:Co6ibVJAznAaIkqp8huTwlJQCZ016jof/cbN4VW5Yz0=
gopkg.in/yaml.v3 v3.0.0-20200615113413-eeeca48fe776 h1:tQIYjPdBoyREyB9XMu+nnTclpTYkz2zFM+lzLJFO4gQ=
gopkg.in/yaml.v3 v3.0.0-20200615113413-eeeca48fe776/go.mod h1:K4uyk7z7BCEPqu6E+C64Yfv1cQ7kz7rIZviUmN+EgEM=
